
Microsoft Visual Studio Solution File, Format Version 12.00
# Visual Studio Version 17
VisualStudioVersion = 17.14.36221.1
MinimumVisualStudioVersion = 10.0.40219.1
Project("{8BC9CEB8-8B4A-11D0-8D11-00A0C91BC942}") = "01_Variable_01", "01_Variable_01\01_Variable_01.vcxproj", "{1153110F-0D45-4FC6-8625-4B13C0676E70}"
EndProject
Project("{8BC9CEB8-8B4A-11D0-8D11-00A0C91BC942}") = "01_Variable_02", "01_Variable_02\01_Variable_02.vcxproj", "{B9F9A5DB-5B1E-4C11-8465-80A208E3247F}"
EndProject
Project("{8BC9CEB8-8B4A-11D0-8D11-00A0C91BC942}") = "02_Operator_01", "02_Operator_01\02__Operator_01.vcxproj", "{89231AFD-ACFD-4E40-83CA-7AAD90F39463}"
EndProject
Project("{8BC9CEB8-8B4A-11D0-8D11-00A0C91BC942}") = "02_Operator_02", "02_Operator_02\02_Operator_02.vcxproj", "{933B30FE-C107-42A6-A8A6-992586BA9152}"
EndProject
Project("{8BC9CEB8-8B4A-11D0-8D11-00A0C91BC942}") = "02_Operator_03", "02_Operator_03\02_Operator_03.vcxproj", "{F8F117D2-A73F-430E-96EF-0A0B5CE8EC5C}"
EndProject
Project("{8BC9CEB8-8B4A-11D0-8D11-00A0C91BC942}") = "02_Operator_04", "02_Operator_04\02_Operator_04.vcxproj", "{36AB6123-78EE-491D-A222-BBFFA630B352}"
EndProject
Project("{8BC9CEB8-8B4A-11D0-8D11-00A0C91BC942}") = "02_Operator_05", "02_Operator_05\02_Operator_05.vcxproj", "{B6F4F29B-995A-45D8-840B-F19371FF9E2D}"
EndProject
Project("{8BC9CEB8-8B4A-11D0-8D11-00A0C91BC942}") = "02_Operator_06", "02_Operator_06\02_Operator_06.vcxproj", "{8CB680F9-C52E-4525-B86D-1CE1AA7B0B14}"
EndProject
Project("{8BC9CEB8-8B4A-11D0-8D11-00A0C91BC942}") = "02_Operator_07", "02_Operator_07\02_Operator_07.vcxproj", "{1BDD393D-1E5D-4F24-B098-451B231E996D}"
EndProject
Project("{8BC9CEB8-8B4A-11D0-8D11-00A0C91BC942}") = "02_Operator_08", "02_Operator_08\02_Operator_08.vcxproj", "{BE4BBD94-1FB7-4E27-8881-14A8360FB2CE}"
EndProject
Project("{8BC9CEB8-8B4A-11D0-8D11-00A0C91BC942}") = "03_Conditional_Statement_01", "03_Conditional_Statement_01\03_Conditional_Statement_02.vcxproj", "{045AA61E-0D43-4BCF-A5AC-E5F6E183DBF8}"
EndProject
Project("{8BC9CEB8-8B4A-11D0-8D11-00A0C91BC942}") = "04_Switch_Case_01", "04_Switch_Case_01\04_Switch_Case_01.vcxproj", "{7D6DD9DF-EF12-4AA6-9233-051A30ACC350}"
EndProject
Project("{8BC9CEB8-8B4A-11D0-8D11-00A0C91BC942}") = "05_Iterative_Statement_01", "05_Iterative_Statement_01\05_Iterative_Statement_01.vcxproj", "{7589B8D4-86F8-4EB9-9F2D-A7BAC10E8C7E}"
EndProject
Project("{8BC9CEB8-8B4A-11D0-8D11-00A0C91BC942}") = "06_Pointer_01", "06_Pointer_01\06_Pointer_01.vcxproj", "{5DAC827F-150E-4EFA-9DEC-CB69ADE5953C}"
EndProject
Project("{8BC9CEB8-8B4A-11D0-8D11-00A0C91BC942}") = "07_Function_01", "07_Function_01\07_Function_01.vcxproj", "{3506C4A0-7A52-4D82-A73E-FD1626DBC973}"
EndProject
Project("{8BC9CEB8-8B4A-11D0-8D11-00A0C91BC942}") = "08_Class_01", "08_Class_01\08_Class_01.vcxproj", "{ADE53AD9-E6EB-49E0-8313-812F63E3ED6B}"
EndProject
Project("{8BC9CEB8-8B4A-11D0-8D11-00A0C91BC942}") = "08_Class_02", "08_Class_02\08_Class_02.vcxproj", "{18CFEB81-D38E-44B2-84C8-CEC0BC4CC96D}"
EndProject
Project("{8BC9CEB8-8B4A-11D0-8D11-00A0C91BC942}") = "09_Reference_Type_01", "09_Reference_Type_01\09_Reference_Type_01.vcxproj", "{27DFC7CA-ACBD-4726-9AF0-6C948E317B59}"
EndProject
Project("{8BC9CEB8-8B4A-11D0-8D11-00A0C91BC942}") = "10_Class_Constructor_Member_01", "10_Class_Constructor_Member_01\10_Class_Const_Member_01.vcxproj", "{99245F67-E14B-4871-8718-2D10C954B1A0}"
EndProject
Project("{8BC9CEB8-8B4A-11D0-8D11-00A0C91BC942}") = "11_Class_Constructor_Initializer_List_01", "11_Class_Constructor_Initializer_List_01\11_Class_Constructor_Initializer_List_01.vcxproj", "{41CD842F-2092-477E-B28A-6ABBC9FE83D4}"
EndProject
Project("{8BC9CEB8-8B4A-11D0-8D11-00A0C91BC942}") = "12_Class_Static_Member_01", "12_Class_Static_Member_01\12_Class_Static_Member_01.vcxproj", "{261A2370-F074-465C-87A9-CAFC3CA40CE6}"
EndProject
Project("{8BC9CEB8-8B4A-11D0-8D11-00A0C91BC942}") = "13_Static_Variable_01", "13_Static_Variable_01\13_Static_Variable_01.vcxproj", "{96F26E98-1D5D-477C-8213-C9F32314455B}"
EndProject
Project("{8BC9CEB8-8B4A-11D0-8D11-00A0C91BC942}") = "14_Static_Member_01", "14_Static_Member_01\14_Static_Member_01.vcxproj", "{4A8829B8-8020-40D2-BC80-13828033E3AE}"
EndProject
Project("{8BC9CEB8-8B4A-11D0-8D11-00A0C91BC942}") = "15_This_Pointer_01", "15_This_Pointer_01\15_This_Pointer_01.vcxproj", "{4D7D10D3-6D0B-484C-9739-585EEF274AC8}"
EndProject
Project("{8BC9CEB8-8B4A-11D0-8D11-00A0C91BC942}") = "16_Function_Overloading_01", "16_Function_Overloading_01\16_Function_Overloading_01.vcxproj", "{2CDB3A63-0F53-4DA4-8A71-FE06DAF4D784}"
EndProject
Project("{8BC9CEB8-8B4A-11D0-8D11-00A0C91BC942}") = "17_Class_Capsulation_01", "17_Class_Capsulation_01\17_Class_Capsulation_01.vcxproj", "{A26F6EC1-61FA-4F6B-99B3-05ECE20A99DE}"
EndProject
Project("{8BC9CEB8-8B4A-11D0-8D11-00A0C91BC942}") = "17_Class_Capsulation_02", "17_Class_Capsulation_02\17_Class_Capsulation_02.vcxproj", "{EECB2E04-D6D2-4AE2-907C-788DE173E1EC}"
EndProject
Project("{8BC9CEB8-8B4A-11D0-8D11-00A0C91BC942}") = "18_Inline_Function_01", "18_Inline_Function_01\18_Inline_Function_01.vcxproj", "{7248E6C0-3C0A-4AB0-B4FB-BB0D11307680}"
EndProject
Project("{8BC9CEB8-8B4A-11D0-8D11-00A0C91BC942}") = "18_Inline_Function_02", "18_Inline_Function_02\18_Inline_Function_02.vcxproj", "{5AA08F8A-0565-480F-8BFD-99D70BC2A2D2}"
EndProject
Project("{8BC9CEB8-8B4A-11D0-8D11-00A0C91BC942}") = "19_Types_Of_Variables_01", "19_Types_Of_Variables_01\19_Types_Of_Variables_01.vcxproj", "{6EF9D023-2A27-4D84-9E89-51ED9487D796}"
EndProject
Project("{8BC9CEB8-8B4A-11D0-8D11-00A0C91BC942}") = "20_Dynamic_Object_01", "20_Dynamic_Object_01\20_Dynamic_Object_01.vcxproj", "{2C71B8CE-304A-40E3-8F28-29D577C1E452}"
EndProject
Project("{8BC9CEB8-8B4A-11D0-8D11-00A0C91BC942}") = "21_Dynamic_Object_Array_01", "21_Dynamic_Object_Array_01\21_Dynamic_Object_Array_01.vcxproj", "{A7BE83C1-B391-4DDD-A5B6-DF9C86271216}"
EndProject
Project("{8BC9CEB8-8B4A-11D0-8D11-00A0C91BC942}") = "21_Dynamic_Object_Array_02", "21_Dynamic_Object_Array_02\21_Dynamic_Object_Array_02.vcxproj", "{7EE3A3B7-FFB3-4D26-A23B-6CBA68DE4726}"
EndProject
Project("{8BC9CEB8-8B4A-11D0-8D11-00A0C91BC942}") = "22_Copy_Constructor_01", "22_Copy_Constructor_01\22_Copy_Constructor_01.vcxproj", "{0BF69AF8-1532-495A-A7F9-E9ACACF87B41}"
EndProject
Project("{8BC9CEB8-8B4A-11D0-8D11-00A0C91BC942}") = "22_Copy_Constructor_02", "22_Copy_Constructor_02\22_Copy_Constructor_02.vcxproj", "{62783F2E-DA36-458F-99AD-0A35ED0D8C08}"
EndProject
Project("{8BC9CEB8-8B4A-11D0-8D11-00A0C91BC942}") = "23_Const_Function_01", "23_Const_Function_01\23_Const_Function_01.vcxproj", "{CCE1FCDC-C7B1-4FCA-8C29-61C021042C8A}"
EndProject
Project("{8BC9CEB8-8B4A-11D0-8D11-00A0C91BC942}") = "24_Inheritance_01", "24_Inheritance_01\24_Inheritance_01.vcxproj", "{B7D5A22D-4CB5-4C36-8A64-9C1F15367803}"
EndProject
Global
	GlobalSection(SolutionConfigurationPlatforms) = preSolution
		Debug|x64 = Debug|x64
		Debug|x86 = Debug|x86
		Release|x64 = Release|x64
		Release|x86 = Release|x86
	EndGlobalSection
	GlobalSection(ProjectConfigurationPlatforms) = postSolution
		{1153110F-0D45-4FC6-8625-4B13C0676E70}.Debug|x64.ActiveCfg = Debug|x64
		{1153110F-0D45-4FC6-8625-4B13C0676E70}.Debug|x64.Build.0 = Debug|x64
		{1153110F-0D45-4FC6-8625-4B13C0676E70}.Debug|x86.ActiveCfg = Debug|Win32
		{1153110F-0D45-4FC6-8625-4B13C0676E70}.Debug|x86.Build.0 = Debug|Win32
		{1153110F-0D45-4FC6-8625-4B13C0676E70}.Release|x64.ActiveCfg = Release|x64
		{1153110F-0D45-4FC6-8625-4B13C0676E70}.Release|x64.Build.0 = Release|x64
		{1153110F-0D45-4FC6-8625-4B13C0676E70}.Release|x86.ActiveCfg = Release|Win32
		{1153110F-0D45-4FC6-8625-4B13C0676E70}.Release|x86.Build.0 = Release|Win32
		{B9F9A5DB-5B1E-4C11-8465-80A208E3247F}.Debug|x64.ActiveCfg = Debug|x64
		{B9F9A5DB-5B1E-4C11-8465-80A208E3247F}.Debug|x64.Build.0 = Debug|x64
		{B9F9A5DB-5B1E-4C11-8465-80A208E3247F}.Debug|x86.ActiveCfg = Debug|Win32
		{B9F9A5DB-5B1E-4C11-8465-80A208E3247F}.Debug|x86.Build.0 = Debug|Win32
		{B9F9A5DB-5B1E-4C11-8465-80A208E3247F}.Release|x64.ActiveCfg = Release|x64
		{B9F9A5DB-5B1E-4C11-8465-80A208E3247F}.Release|x64.Build.0 = Release|x64
		{B9F9A5DB-5B1E-4C11-8465-80A208E3247F}.Release|x86.ActiveCfg = Release|Win32
		{B9F9A5DB-5B1E-4C11-8465-80A208E3247F}.Release|x86.Build.0 = Release|Win32
		{89231AFD-ACFD-4E40-83CA-7AAD90F39463}.Debug|x64.ActiveCfg = Debug|x64
		{89231AFD-ACFD-4E40-83CA-7AAD90F39463}.Debug|x64.Build.0 = Debug|x64
		{89231AFD-ACFD-4E40-83CA-7AAD90F39463}.Debug|x86.ActiveCfg = Debug|Win32
		{89231AFD-ACFD-4E40-83CA-7AAD90F39463}.Debug|x86.Build.0 = Debug|Win32
		{89231AFD-ACFD-4E40-83CA-7AAD90F39463}.Release|x64.ActiveCfg = Release|x64
		{89231AFD-ACFD-4E40-83CA-7AAD90F39463}.Release|x64.Build.0 = Release|x64
		{89231AFD-ACFD-4E40-83CA-7AAD90F39463}.Release|x86.ActiveCfg = Release|Win32
		{89231AFD-ACFD-4E40-83CA-7AAD90F39463}.Release|x86.Build.0 = Release|Win32
		{933B30FE-C107-42A6-A8A6-992586BA9152}.Debug|x64.ActiveCfg = Debug|x64
		{933B30FE-C107-42A6-A8A6-992586BA9152}.Debug|x64.Build.0 = Debug|x64
		{933B30FE-C107-42A6-A8A6-992586BA9152}.Debug|x86.ActiveCfg = Debug|Win32
		{933B30FE-C107-42A6-A8A6-992586BA9152}.Debug|x86.Build.0 = Debug|Win32
		{933B30FE-C107-42A6-A8A6-992586BA9152}.Release|x64.ActiveCfg = Release|x64
		{933B30FE-C107-42A6-A8A6-992586BA9152}.Release|x64.Build.0 = Release|x64
		{933B30FE-C107-42A6-A8A6-992586BA9152}.Release|x86.ActiveCfg = Release|Win32
		{933B30FE-C107-42A6-A8A6-992586BA9152}.Release|x86.Build.0 = Release|Win32
		{F8F117D2-A73F-430E-96EF-0A0B5CE8EC5C}.Debug|x64.ActiveCfg = Debug|x64
		{F8F117D2-A73F-430E-96EF-0A0B5CE8EC5C}.Debug|x64.Build.0 = Debug|x64
		{F8F117D2-A73F-430E-96EF-0A0B5CE8EC5C}.Debug|x86.ActiveCfg = Debug|Win32
		{F8F117D2-A73F-430E-96EF-0A0B5CE8EC5C}.Debug|x86.Build.0 = Debug|Win32
		{F8F117D2-A73F-430E-96EF-0A0B5CE8EC5C}.Release|x64.ActiveCfg = Release|x64
		{F8F117D2-A73F-430E-96EF-0A0B5CE8EC5C}.Release|x64.Build.0 = Release|x64
		{F8F117D2-A73F-430E-96EF-0A0B5CE8EC5C}.Release|x86.ActiveCfg = Release|Win32
		{F8F117D2-A73F-430E-96EF-0A0B5CE8EC5C}.Release|x86.Build.0 = Release|Win32
		{36AB6123-78EE-491D-A222-BBFFA630B352}.Debug|x64.ActiveCfg = Debug|x64
		{36AB6123-78EE-491D-A222-BBFFA630B352}.Debug|x64.Build.0 = Debug|x64
		{36AB6123-78EE-491D-A222-BBFFA630B352}.Debug|x86.ActiveCfg = Debug|Win32
		{36AB6123-78EE-491D-A222-BBFFA630B352}.Debug|x86.Build.0 = Debug|Win32
		{36AB6123-78EE-491D-A222-BBFFA630B352}.Release|x64.ActiveCfg = Release|x64
		{36AB6123-78EE-491D-A222-BBFFA630B352}.Release|x64.Build.0 = Release|x64
		{36AB6123-78EE-491D-A222-BBFFA630B352}.Release|x86.ActiveCfg = Release|Win32
		{36AB6123-78EE-491D-A222-BBFFA630B352}.Release|x86.Build.0 = Release|Win32
		{B6F4F29B-995A-45D8-840B-F19371FF9E2D}.Debug|x64.ActiveCfg = Debug|x64
		{B6F4F29B-995A-45D8-840B-F19371FF9E2D}.Debug|x64.Build.0 = Debug|x64
		{B6F4F29B-995A-45D8-840B-F19371FF9E2D}.Debug|x86.ActiveCfg = Debug|Win32
		{B6F4F29B-995A-45D8-840B-F19371FF9E2D}.Debug|x86.Build.0 = Debug|Win32
		{B6F4F29B-995A-45D8-840B-F19371FF9E2D}.Release|x64.ActiveCfg = Release|x64
		{B6F4F29B-995A-45D8-840B-F19371FF9E2D}.Release|x64.Build.0 = Release|x64
		{B6F4F29B-995A-45D8-840B-F19371FF9E2D}.Release|x86.ActiveCfg = Release|Win32
		{B6F4F29B-995A-45D8-840B-F19371FF9E2D}.Release|x86.Build.0 = Release|Win32
		{8CB680F9-C52E-4525-B86D-1CE1AA7B0B14}.Debug|x64.ActiveCfg = Debug|x64
		{8CB680F9-C52E-4525-B86D-1CE1AA7B0B14}.Debug|x64.Build.0 = Debug|x64
		{8CB680F9-C52E-4525-B86D-1CE1AA7B0B14}.Debug|x86.ActiveCfg = Debug|Win32
		{8CB680F9-C52E-4525-B86D-1CE1AA7B0B14}.Debug|x86.Build.0 = Debug|Win32
		{8CB680F9-C52E-4525-B86D-1CE1AA7B0B14}.Release|x64.ActiveCfg = Release|x64
		{8CB680F9-C52E-4525-B86D-1CE1AA7B0B14}.Release|x64.Build.0 = Release|x64
		{8CB680F9-C52E-4525-B86D-1CE1AA7B0B14}.Release|x86.ActiveCfg = Release|Win32
		{8CB680F9-C52E-4525-B86D-1CE1AA7B0B14}.Release|x86.Build.0 = Release|Win32
		{1BDD393D-1E5D-4F24-B098-451B231E996D}.Debug|x64.ActiveCfg = Debug|x64
		{1BDD393D-1E5D-4F24-B098-451B231E996D}.Debug|x64.Build.0 = Debug|x64
		{1BDD393D-1E5D-4F24-B098-451B231E996D}.Debug|x86.ActiveCfg = Debug|Win32
		{1BDD393D-1E5D-4F24-B098-451B231E996D}.Debug|x86.Build.0 = Debug|Win32
		{1BDD393D-1E5D-4F24-B098-451B231E996D}.Release|x64.ActiveCfg = Release|x64
		{1BDD393D-1E5D-4F24-B098-451B231E996D}.Release|x64.Build.0 = Release|x64
		{1BDD393D-1E5D-4F24-B098-451B231E996D}.Release|x86.ActiveCfg = Release|Win32
		{1BDD393D-1E5D-4F24-B098-451B231E996D}.Release|x86.Build.0 = Release|Win32
		{BE4BBD94-1FB7-4E27-8881-14A8360FB2CE}.Debug|x64.ActiveCfg = Debug|x64
		{BE4BBD94-1FB7-4E27-8881-14A8360FB2CE}.Debug|x64.Build.0 = Debug|x64
		{BE4BBD94-1FB7-4E27-8881-14A8360FB2CE}.Debug|x86.ActiveCfg = Debug|Win32
		{BE4BBD94-1FB7-4E27-8881-14A8360FB2CE}.Debug|x86.Build.0 = Debug|Win32
		{BE4BBD94-1FB7-4E27-8881-14A8360FB2CE}.Release|x64.ActiveCfg = Release|x64
		{BE4BBD94-1FB7-4E27-8881-14A8360FB2CE}.Release|x64.Build.0 = Release|x64
		{BE4BBD94-1FB7-4E27-8881-14A8360FB2CE}.Release|x86.ActiveCfg = Release|Win32
		{BE4BBD94-1FB7-4E27-8881-14A8360FB2CE}.Release|x86.Build.0 = Release|Win32
		{045AA61E-0D43-4BCF-A5AC-E5F6E183DBF8}.Debug|x64.ActiveCfg = Debug|x64
		{045AA61E-0D43-4BCF-A5AC-E5F6E183DBF8}.Debug|x64.Build.0 = Debug|x64
		{045AA61E-0D43-4BCF-A5AC-E5F6E183DBF8}.Debug|x86.ActiveCfg = Debug|Win32
		{045AA61E-0D43-4BCF-A5AC-E5F6E183DBF8}.Debug|x86.Build.0 = Debug|Win32
		{045AA61E-0D43-4BCF-A5AC-E5F6E183DBF8}.Release|x64.ActiveCfg = Release|x64
		{045AA61E-0D43-4BCF-A5AC-E5F6E183DBF8}.Release|x64.Build.0 = Release|x64
		{045AA61E-0D43-4BCF-A5AC-E5F6E183DBF8}.Release|x86.ActiveCfg = Release|Win32
		{045AA61E-0D43-4BCF-A5AC-E5F6E183DBF8}.Release|x86.Build.0 = Release|Win32
		{7D6DD9DF-EF12-4AA6-9233-051A30ACC350}.Debug|x64.ActiveCfg = Debug|x64
		{7D6DD9DF-EF12-4AA6-9233-051A30ACC350}.Debug|x64.Build.0 = Debug|x64
		{7D6DD9DF-EF12-4AA6-9233-051A30ACC350}.Debug|x86.ActiveCfg = Debug|Win32
		{7D6DD9DF-EF12-4AA6-9233-051A30ACC350}.Debug|x86.Build.0 = Debug|Win32
		{7D6DD9DF-EF12-4AA6-9233-051A30ACC350}.Release|x64.ActiveCfg = Release|x64
		{7D6DD9DF-EF12-4AA6-9233-051A30ACC350}.Release|x64.Build.0 = Release|x64
		{7D6DD9DF-EF12-4AA6-9233-051A30ACC350}.Release|x86.ActiveCfg = Release|Win32
		{7D6DD9DF-EF12-4AA6-9233-051A30ACC350}.Release|x86.Build.0 = Release|Win32
		{7589B8D4-86F8-4EB9-9F2D-A7BAC10E8C7E}.Debug|x64.ActiveCfg = Debug|x64
		{7589B8D4-86F8-4EB9-9F2D-A7BAC10E8C7E}.Debug|x64.Build.0 = Debug|x64
		{7589B8D4-86F8-4EB9-9F2D-A7BAC10E8C7E}.Debug|x86.ActiveCfg = Debug|Win32
		{7589B8D4-86F8-4EB9-9F2D-A7BAC10E8C7E}.Debug|x86.Build.0 = Debug|Win32
		{7589B8D4-86F8-4EB9-9F2D-A7BAC10E8C7E}.Release|x64.ActiveCfg = Release|x64
		{7589B8D4-86F8-4EB9-9F2D-A7BAC10E8C7E}.Release|x64.Build.0 = Release|x64
		{7589B8D4-86F8-4EB9-9F2D-A7BAC10E8C7E}.Release|x86.ActiveCfg = Release|Win32
		{7589B8D4-86F8-4EB9-9F2D-A7BAC10E8C7E}.Release|x86.Build.0 = Release|Win32
		{5DAC827F-150E-4EFA-9DEC-CB69ADE5953C}.Debug|x64.ActiveCfg = Debug|x64
		{5DAC827F-150E-4EFA-9DEC-CB69ADE5953C}.Debug|x64.Build.0 = Debug|x64
		{5DAC827F-150E-4EFA-9DEC-CB69ADE5953C}.Debug|x86.ActiveCfg = Debug|Win32
		{5DAC827F-150E-4EFA-9DEC-CB69ADE5953C}.Debug|x86.Build.0 = Debug|Win32
		{5DAC827F-150E-4EFA-9DEC-CB69ADE5953C}.Release|x64.ActiveCfg = Release|x64
		{5DAC827F-150E-4EFA-9DEC-CB69ADE5953C}.Release|x64.Build.0 = Release|x64
		{5DAC827F-150E-4EFA-9DEC-CB69ADE5953C}.Release|x86.ActiveCfg = Release|Win32
		{5DAC827F-150E-4EFA-9DEC-CB69ADE5953C}.Release|x86.Build.0 = Release|Win32
		{3506C4A0-7A52-4D82-A73E-FD1626DBC973}.Debug|x64.ActiveCfg = Debug|x64
		{3506C4A0-7A52-4D82-A73E-FD1626DBC973}.Debug|x64.Build.0 = Debug|x64
		{3506C4A0-7A52-4D82-A73E-FD1626DBC973}.Debug|x86.ActiveCfg = Debug|Win32
		{3506C4A0-7A52-4D82-A73E-FD1626DBC973}.Debug|x86.Build.0 = Debug|Win32
		{3506C4A0-7A52-4D82-A73E-FD1626DBC973}.Release|x64.ActiveCfg = Release|x64
		{3506C4A0-7A52-4D82-A73E-FD1626DBC973}.Release|x64.Build.0 = Release|x64
		{3506C4A0-7A52-4D82-A73E-FD1626DBC973}.Release|x86.ActiveCfg = Release|Win32
		{3506C4A0-7A52-4D82-A73E-FD1626DBC973}.Release|x86.Build.0 = Release|Win32
		{ADE53AD9-E6EB-49E0-8313-812F63E3ED6B}.Debug|x64.ActiveCfg = Debug|x64
		{ADE53AD9-E6EB-49E0-8313-812F63E3ED6B}.Debug|x64.Build.0 = Debug|x64
		{ADE53AD9-E6EB-49E0-8313-812F63E3ED6B}.Debug|x86.ActiveCfg = Debug|Win32
		{ADE53AD9-E6EB-49E0-8313-812F63E3ED6B}.Debug|x86.Build.0 = Debug|Win32
		{ADE53AD9-E6EB-49E0-8313-812F63E3ED6B}.Release|x64.ActiveCfg = Release|x64
		{ADE53AD9-E6EB-49E0-8313-812F63E3ED6B}.Release|x64.Build.0 = Release|x64
		{ADE53AD9-E6EB-49E0-8313-812F63E3ED6B}.Release|x86.ActiveCfg = Release|Win32
		{ADE53AD9-E6EB-49E0-8313-812F63E3ED6B}.Release|x86.Build.0 = Release|Win32
		{18CFEB81-D38E-44B2-84C8-CEC0BC4CC96D}.Debug|x64.ActiveCfg = Debug|x64
		{18CFEB81-D38E-44B2-84C8-CEC0BC4CC96D}.Debug|x64.Build.0 = Debug|x64
		{18CFEB81-D38E-44B2-84C8-CEC0BC4CC96D}.Debug|x86.ActiveCfg = Debug|Win32
		{18CFEB81-D38E-44B2-84C8-CEC0BC4CC96D}.Debug|x86.Build.0 = Debug|Win32
		{18CFEB81-D38E-44B2-84C8-CEC0BC4CC96D}.Release|x64.ActiveCfg = Release|x64
		{18CFEB81-D38E-44B2-84C8-CEC0BC4CC96D}.Release|x64.Build.0 = Release|x64
		{18CFEB81-D38E-44B2-84C8-CEC0BC4CC96D}.Release|x86.ActiveCfg = Release|Win32
		{18CFEB81-D38E-44B2-84C8-CEC0BC4CC96D}.Release|x86.Build.0 = Release|Win32
		{27DFC7CA-ACBD-4726-9AF0-6C948E317B59}.Debug|x64.ActiveCfg = Debug|x64
		{27DFC7CA-ACBD-4726-9AF0-6C948E317B59}.Debug|x64.Build.0 = Debug|x64
		{27DFC7CA-ACBD-4726-9AF0-6C948E317B59}.Debug|x86.ActiveCfg = Debug|Win32
		{27DFC7CA-ACBD-4726-9AF0-6C948E317B59}.Debug|x86.Build.0 = Debug|Win32
		{27DFC7CA-ACBD-4726-9AF0-6C948E317B59}.Release|x64.ActiveCfg = Release|x64
		{27DFC7CA-ACBD-4726-9AF0-6C948E317B59}.Release|x64.Build.0 = Release|x64
		{27DFC7CA-ACBD-4726-9AF0-6C948E317B59}.Release|x86.ActiveCfg = Release|Win32
		{27DFC7CA-ACBD-4726-9AF0-6C948E317B59}.Release|x86.Build.0 = Release|Win32
		{99245F67-E14B-4871-8718-2D10C954B1A0}.Debug|x64.ActiveCfg = Debug|x64
		{99245F67-E14B-4871-8718-2D10C954B1A0}.Debug|x64.Build.0 = Debug|x64
		{99245F67-E14B-4871-8718-2D10C954B1A0}.Debug|x86.ActiveCfg = Debug|Win32
		{99245F67-E14B-4871-8718-2D10C954B1A0}.Debug|x86.Build.0 = Debug|Win32
		{99245F67-E14B-4871-8718-2D10C954B1A0}.Release|x64.ActiveCfg = Release|x64
		{99245F67-E14B-4871-8718-2D10C954B1A0}.Release|x64.Build.0 = Release|x64
		{99245F67-E14B-4871-8718-2D10C954B1A0}.Release|x86.ActiveCfg = Release|Win32
		{99245F67-E14B-4871-8718-2D10C954B1A0}.Release|x86.Build.0 = Release|Win32
		{41CD842F-2092-477E-B28A-6ABBC9FE83D4}.Debug|x64.ActiveCfg = Debug|x64
		{41CD842F-2092-477E-B28A-6ABBC9FE83D4}.Debug|x64.Build.0 = Debug|x64
		{41CD842F-2092-477E-B28A-6ABBC9FE83D4}.Debug|x86.ActiveCfg = Debug|Win32
		{41CD842F-2092-477E-B28A-6ABBC9FE83D4}.Debug|x86.Build.0 = Debug|Win32
		{41CD842F-2092-477E-B28A-6ABBC9FE83D4}.Release|x64.ActiveCfg = Release|x64
		{41CD842F-2092-477E-B28A-6ABBC9FE83D4}.Release|x64.Build.0 = Release|x64
		{41CD842F-2092-477E-B28A-6ABBC9FE83D4}.Release|x86.ActiveCfg = Release|Win32
		{41CD842F-2092-477E-B28A-6ABBC9FE83D4}.Release|x86.Build.0 = Release|Win32
		{261A2370-F074-465C-87A9-CAFC3CA40CE6}.Debug|x64.ActiveCfg = Debug|x64
		{261A2370-F074-465C-87A9-CAFC3CA40CE6}.Debug|x64.Build.0 = Debug|x64
		{261A2370-F074-465C-87A9-CAFC3CA40CE6}.Debug|x86.ActiveCfg = Debug|Win32
		{261A2370-F074-465C-87A9-CAFC3CA40CE6}.Debug|x86.Build.0 = Debug|Win32
		{261A2370-F074-465C-87A9-CAFC3CA40CE6}.Release|x64.ActiveCfg = Release|x64
		{261A2370-F074-465C-87A9-CAFC3CA40CE6}.Release|x64.Build.0 = Release|x64
		{261A2370-F074-465C-87A9-CAFC3CA40CE6}.Release|x86.ActiveCfg = Release|Win32
		{261A2370-F074-465C-87A9-CAFC3CA40CE6}.Release|x86.Build.0 = Release|Win32
		{96F26E98-1D5D-477C-8213-C9F32314455B}.Debug|x64.ActiveCfg = Debug|x64
		{96F26E98-1D5D-477C-8213-C9F32314455B}.Debug|x64.Build.0 = Debug|x64
		{96F26E98-1D5D-477C-8213-C9F32314455B}.Debug|x86.ActiveCfg = Debug|Win32
		{96F26E98-1D5D-477C-8213-C9F32314455B}.Debug|x86.Build.0 = Debug|Win32
		{96F26E98-1D5D-477C-8213-C9F32314455B}.Release|x64.ActiveCfg = Release|x64
		{96F26E98-1D5D-477C-8213-C9F32314455B}.Release|x64.Build.0 = Release|x64
		{96F26E98-1D5D-477C-8213-C9F32314455B}.Release|x86.ActiveCfg = Release|Win32
		{96F26E98-1D5D-477C-8213-C9F32314455B}.Release|x86.Build.0 = Release|Win32
		{4A8829B8-8020-40D2-BC80-13828033E3AE}.Debug|x64.ActiveCfg = Debug|x64
		{4A8829B8-8020-40D2-BC80-13828033E3AE}.Debug|x64.Build.0 = Debug|x64
		{4A8829B8-8020-40D2-BC80-13828033E3AE}.Debug|x86.ActiveCfg = Debug|Win32
		{4A8829B8-8020-40D2-BC80-13828033E3AE}.Debug|x86.Build.0 = Debug|Win32
		{4A8829B8-8020-40D2-BC80-13828033E3AE}.Release|x64.ActiveCfg = Release|x64
		{4A8829B8-8020-40D2-BC80-13828033E3AE}.Release|x64.Build.0 = Release|x64
		{4A8829B8-8020-40D2-BC80-13828033E3AE}.Release|x86.ActiveCfg = Release|Win32
		{4A8829B8-8020-40D2-BC80-13828033E3AE}.Release|x86.Build.0 = Release|Win32
		{4D7D10D3-6D0B-484C-9739-585EEF274AC8}.Debug|x64.ActiveCfg = Debug|x64
		{4D7D10D3-6D0B-484C-9739-585EEF274AC8}.Debug|x64.Build.0 = Debug|x64
		{4D7D10D3-6D0B-484C-9739-585EEF274AC8}.Debug|x86.ActiveCfg = Debug|Win32
		{4D7D10D3-6D0B-484C-9739-585EEF274AC8}.Debug|x86.Build.0 = Debug|Win32
		{4D7D10D3-6D0B-484C-9739-585EEF274AC8}.Release|x64.ActiveCfg = Release|x64
		{4D7D10D3-6D0B-484C-9739-585EEF274AC8}.Release|x64.Build.0 = Release|x64
		{4D7D10D3-6D0B-484C-9739-585EEF274AC8}.Release|x86.ActiveCfg = Release|Win32
		{4D7D10D3-6D0B-484C-9739-585EEF274AC8}.Release|x86.Build.0 = Release|Win32
		{2CDB3A63-0F53-4DA4-8A71-FE06DAF4D784}.Debug|x64.ActiveCfg = Debug|x64
		{2CDB3A63-0F53-4DA4-8A71-FE06DAF4D784}.Debug|x64.Build.0 = Debug|x64
		{2CDB3A63-0F53-4DA4-8A71-FE06DAF4D784}.Debug|x86.ActiveCfg = Debug|Win32
		{2CDB3A63-0F53-4DA4-8A71-FE06DAF4D784}.Debug|x86.Build.0 = Debug|Win32
		{2CDB3A63-0F53-4DA4-8A71-FE06DAF4D784}.Release|x64.ActiveCfg = Release|x64
		{2CDB3A63-0F53-4DA4-8A71-FE06DAF4D784}.Release|x64.Build.0 = Release|x64
		{2CDB3A63-0F53-4DA4-8A71-FE06DAF4D784}.Release|x86.ActiveCfg = Release|Win32
		{2CDB3A63-0F53-4DA4-8A71-FE06DAF4D784}.Release|x86.Build.0 = Release|Win32
		{A26F6EC1-61FA-4F6B-99B3-05ECE20A99DE}.Debug|x64.ActiveCfg = Debug|x64
		{A26F6EC1-61FA-4F6B-99B3-05ECE20A99DE}.Debug|x64.Build.0 = Debug|x64
		{A26F6EC1-61FA-4F6B-99B3-05ECE20A99DE}.Debug|x86.ActiveCfg = Debug|Win32
		{A26F6EC1-61FA-4F6B-99B3-05ECE20A99DE}.Debug|x86.Build.0 = Debug|Win32
		{A26F6EC1-61FA-4F6B-99B3-05ECE20A99DE}.Release|x64.ActiveCfg = Release|x64
		{A26F6EC1-61FA-4F6B-99B3-05ECE20A99DE}.Release|x64.Build.0 = Release|x64
		{A26F6EC1-61FA-4F6B-99B3-05ECE20A99DE}.Release|x86.ActiveCfg = Release|Win32
		{A26F6EC1-61FA-4F6B-99B3-05ECE20A99DE}.Release|x86.Build.0 = Release|Win32
		{EECB2E04-D6D2-4AE2-907C-788DE173E1EC}.Debug|x64.ActiveCfg = Debug|x64
		{EECB2E04-D6D2-4AE2-907C-788DE173E1EC}.Debug|x64.Build.0 = Debug|x64
		{EECB2E04-D6D2-4AE2-907C-788DE173E1EC}.Debug|x86.ActiveCfg = Debug|Win32
		{EECB2E04-D6D2-4AE2-907C-788DE173E1EC}.Debug|x86.Build.0 = Debug|Win32
		{EECB2E04-D6D2-4AE2-907C-788DE173E1EC}.Release|x64.ActiveCfg = Release|x64
		{EECB2E04-D6D2-4AE2-907C-788DE173E1EC}.Release|x64.Build.0 = Release|x64
		{EECB2E04-D6D2-4AE2-907C-788DE173E1EC}.Release|x86.ActiveCfg = Release|Win32
		{EECB2E04-D6D2-4AE2-907C-788DE173E1EC}.Release|x86.Build.0 = Release|Win32
		{7248E6C0-3C0A-4AB0-B4FB-BB0D11307680}.Debug|x64.ActiveCfg = Debug|x64
		{7248E6C0-3C0A-4AB0-B4FB-BB0D11307680}.Debug|x64.Build.0 = Debug|x64
		{7248E6C0-3C0A-4AB0-B4FB-BB0D11307680}.Debug|x86.ActiveCfg = Debug|Win32
		{7248E6C0-3C0A-4AB0-B4FB-BB0D11307680}.Debug|x86.Build.0 = Debug|Win32
		{7248E6C0-3C0A-4AB0-B4FB-BB0D11307680}.Release|x64.ActiveCfg = Release|x64
		{7248E6C0-3C0A-4AB0-B4FB-BB0D11307680}.Release|x64.Build.0 = Release|x64
		{7248E6C0-3C0A-4AB0-B4FB-BB0D11307680}.Release|x86.ActiveCfg = Release|Win32
		{7248E6C0-3C0A-4AB0-B4FB-BB0D11307680}.Release|x86.Build.0 = Release|Win32
		{5AA08F8A-0565-480F-8BFD-99D70BC2A2D2}.Debug|x64.ActiveCfg = Debug|x64
		{5AA08F8A-0565-480F-8BFD-99D70BC2A2D2}.Debug|x64.Build.0 = Debug|x64
		{5AA08F8A-0565-480F-8BFD-99D70BC2A2D2}.Debug|x86.ActiveCfg = Debug|Win32
		{5AA08F8A-0565-480F-8BFD-99D70BC2A2D2}.Debug|x86.Build.0 = Debug|Win32
		{5AA08F8A-0565-480F-8BFD-99D70BC2A2D2}.Release|x64.ActiveCfg = Release|x64
		{5AA08F8A-0565-480F-8BFD-99D70BC2A2D2}.Release|x64.Build.0 = Release|x64
		{5AA08F8A-0565-480F-8BFD-99D70BC2A2D2}.Release|x86.ActiveCfg = Release|Win32
		{5AA08F8A-0565-480F-8BFD-99D70BC2A2D2}.Release|x86.Build.0 = Release|Win32
		{6EF9D023-2A27-4D84-9E89-51ED9487D796}.Debug|x64.ActiveCfg = Debug|x64
		{6EF9D023-2A27-4D84-9E89-51ED9487D796}.Debug|x64.Build.0 = Debug|x64
		{6EF9D023-2A27-4D84-9E89-51ED9487D796}.Debug|x86.ActiveCfg = Debug|Win32
		{6EF9D023-2A27-4D84-9E89-51ED9487D796}.Debug|x86.Build.0 = Debug|Win32
		{6EF9D023-2A27-4D84-9E89-51ED9487D796}.Release|x64.ActiveCfg = Release|x64
		{6EF9D023-2A27-4D84-9E89-51ED9487D796}.Release|x64.Build.0 = Release|x64
		{6EF9D023-2A27-4D84-9E89-51ED9487D796}.Release|x86.ActiveCfg = Release|Win32
		{6EF9D023-2A27-4D84-9E89-51ED9487D796}.Release|x86.Build.0 = Release|Win32
		{2C71B8CE-304A-40E3-8F28-29D577C1E452}.Debug|x64.ActiveCfg = Debug|x64
		{2C71B8CE-304A-40E3-8F28-29D577C1E452}.Debug|x64.Build.0 = Debug|x64
		{2C71B8CE-304A-40E3-8F28-29D577C1E452}.Debug|x86.ActiveCfg = Debug|Win32
		{2C71B8CE-304A-40E3-8F28-29D577C1E452}.Debug|x86.Build.0 = Debug|Win32
		{2C71B8CE-304A-40E3-8F28-29D577C1E452}.Release|x64.ActiveCfg = Release|x64
		{2C71B8CE-304A-40E3-8F28-29D577C1E452}.Release|x64.Build.0 = Release|x64
		{2C71B8CE-304A-40E3-8F28-29D577C1E452}.Release|x86.ActiveCfg = Release|Win32
		{2C71B8CE-304A-40E3-8F28-29D577C1E452}.Release|x86.Build.0 = Release|Win32
		{A7BE83C1-B391-4DDD-A5B6-DF9C86271216}.Debug|x64.ActiveCfg = Debug|x64
		{A7BE83C1-B391-4DDD-A5B6-DF9C86271216}.Debug|x64.Build.0 = Debug|x64
		{A7BE83C1-B391-4DDD-A5B6-DF9C86271216}.Debug|x86.ActiveCfg = Debug|Win32
		{A7BE83C1-B391-4DDD-A5B6-DF9C86271216}.Debug|x86.Build.0 = Debug|Win32
		{A7BE83C1-B391-4DDD-A5B6-DF9C86271216}.Release|x64.ActiveCfg = Release|x64
		{A7BE83C1-B391-4DDD-A5B6-DF9C86271216}.Release|x64.Build.0 = Release|x64
		{A7BE83C1-B391-4DDD-A5B6-DF9C86271216}.Release|x86.ActiveCfg = Release|Win32
		{A7BE83C1-B391-4DDD-A5B6-DF9C86271216}.Release|x86.Build.0 = Release|Win32
		{7EE3A3B7-FFB3-4D26-A23B-6CBA68DE4726}.Debug|x64.ActiveCfg = Debug|x64
		{7EE3A3B7-FFB3-4D26-A23B-6CBA68DE4726}.Debug|x64.Build.0 = Debug|x64
		{7EE3A3B7-FFB3-4D26-A23B-6CBA68DE4726}.Debug|x86.ActiveCfg = Debug|Win32
		{7EE3A3B7-FFB3-4D26-A23B-6CBA68DE4726}.Debug|x86.Build.0 = Debug|Win32
		{7EE3A3B7-FFB3-4D26-A23B-6CBA68DE4726}.Release|x64.ActiveCfg = Release|x64
		{7EE3A3B7-FFB3-4D26-A23B-6CBA68DE4726}.Release|x64.Build.0 = Release|x64
		{7EE3A3B7-FFB3-4D26-A23B-6CBA68DE4726}.Release|x86.ActiveCfg = Release|Win32
		{7EE3A3B7-FFB3-4D26-A23B-6CBA68DE4726}.Release|x86.Build.0 = Release|Win32
		{0BF69AF8-1532-495A-A7F9-E9ACACF87B41}.Debug|x64.ActiveCfg = Debug|x64
		{0BF69AF8-1532-495A-A7F9-E9ACACF87B41}.Debug|x64.Build.0 = Debug|x64
		{0BF69AF8-1532-495A-A7F9-E9ACACF87B41}.Debug|x86.ActiveCfg = Debug|Win32
		{0BF69AF8-1532-495A-A7F9-E9ACACF87B41}.Debug|x86.Build.0 = Debug|Win32
		{0BF69AF8-1532-495A-A7F9-E9ACACF87B41}.Release|x64.ActiveCfg = Release|x64
		{0BF69AF8-1532-495A-A7F9-E9ACACF87B41}.Release|x64.Build.0 = Release|x64
		{0BF69AF8-1532-495A-A7F9-E9ACACF87B41}.Release|x86.ActiveCfg = Release|Win32
		{0BF69AF8-1532-495A-A7F9-E9ACACF87B41}.Release|x86.Build.0 = Release|Win32
		{62783F2E-DA36-458F-99AD-0A35ED0D8C08}.Debug|x64.ActiveCfg = Debug|x64
		{62783F2E-DA36-458F-99AD-0A35ED0D8C08}.Debug|x64.Build.0 = Debug|x64
		{62783F2E-DA36-458F-99AD-0A35ED0D8C08}.Debug|x86.ActiveCfg = Debug|Win32
		{62783F2E-DA36-458F-99AD-0A35ED0D8C08}.Debug|x86.Build.0 = Debug|Win32
		{62783F2E-DA36-458F-99AD-0A35ED0D8C08}.Release|x64.ActiveCfg = Release|x64
		{62783F2E-DA36-458F-99AD-0A35ED0D8C08}.Release|x64.Build.0 = Release|x64
		{62783F2E-DA36-458F-99AD-0A35ED0D8C08}.Release|x86.ActiveCfg = Release|Win32
		{62783F2E-DA36-458F-99AD-0A35ED0D8C08}.Release|x86.Build.0 = Release|Win32
		{CCE1FCDC-C7B1-4FCA-8C29-61C021042C8A}.Debug|x64.ActiveCfg = Debug|x64
		{CCE1FCDC-C7B1-4FCA-8C29-61C021042C8A}.Debug|x64.Build.0 = Debug|x64
		{CCE1FCDC-C7B1-4FCA-8C29-61C021042C8A}.Debug|x86.ActiveCfg = Debug|Win32
		{CCE1FCDC-C7B1-4FCA-8C29-61C021042C8A}.Debug|x86.Build.0 = Debug|Win32
		{CCE1FCDC-C7B1-4FCA-8C29-61C021042C8A}.Release|x64.ActiveCfg = Release|x64
		{CCE1FCDC-C7B1-4FCA-8C29-61C021042C8A}.Release|x64.Build.0 = Release|x64
		{CCE1FCDC-C7B1-4FCA-8C29-61C021042C8A}.Release|x86.ActiveCfg = Release|Win32
		{CCE1FCDC-C7B1-4FCA-8C29-61C021042C8A}.Release|x86.Build.0 = Release|Win32
		{B7D5A22D-4CB5-4C36-8A64-9C1F15367803}.Debug|x64.ActiveCfg = Debug|x64
		{B7D5A22D-4CB5-4C36-8A64-9C1F15367803}.Debug|x64.Build.0 = Debug|x64
		{B7D5A22D-4CB5-4C36-8A64-9C1F15367803}.Debug|x86.ActiveCfg = Debug|Win32
		{B7D5A22D-4CB5-4C36-8A64-9C1F15367803}.Debug|x86.Build.0 = Debug|Win32
		{B7D5A22D-4CB5-4C36-8A64-9C1F15367803}.Release|x64.ActiveCfg = Release|x64
		{B7D5A22D-4CB5-4C36-8A64-9C1F15367803}.Release|x64.Build.0 = Release|x64
		{B7D5A22D-4CB5-4C36-8A64-9C1F15367803}.Release|x86.ActiveCfg = Release|Win32
		{B7D5A22D-4CB5-4C36-8A64-9C1F15367803}.Release|x86.Build.0 = Release|Win32
	EndGlobalSection
	GlobalSection(SolutionProperties) = preSolution
		HideSolutionNode = FALSE
	EndGlobalSection
	GlobalSection(ExtensibilityGlobals) = postSolution
		SolutionGuid = {BDC1C019-FD2E-4D0D-B053-08363C7BBBEB}
	EndGlobalSection
EndGlobal
